
Microsoft Visual Studio Solution File, Format Version 12.00
# Visual Studio Version 17
VisualStudioVersion = 17.14.36408.4 d17.14
MinimumVisualStudioVersion = 10.0.40219.1
Project("{FAE04EC0-301F-11D3-BF4B-00C04F79EFBC}") = "Aryholding.Tms.AuthService", "Aryholding.Tms.AuthService\Aryholding.Tms.AuthService.csproj", "{AAAF3980-229F-44C7-88A6-073EC595AAFA}"
EndProject
Global
	GlobalSection(SolutionConfigurationPlatforms) = preSolution
		Debug|Any CPU = Debug|Any CPU
		Release|Any CPU = Release|Any CPU
	EndGlobalSection
	GlobalSection(ProjectConfigurationPlatforms) = postSolution
		{AAAF3980-229F-44C7-88A6-073EC595AAFA}.Debug|Any CPU.ActiveCfg = Debug|Any CPU
		{AAAF3980-229F-44C7-88A6-073EC595AAFA}.Debug|Any CPU.Build.0 = Debug|Any CPU
		{AAAF3980-229F-44C7-88A6-073EC595AAFA}.Release|Any CPU.ActiveCfg = Release|Any CPU
		{AAAF3980-229F-44C7-88A6-073EC595AAFA}.Release|Any CPU.Build.0 = Release|Any CPU
	EndGlobalSection
	GlobalSection(SolutionProperties) = preSolution
		HideSolutionNode = FALSE
	EndGlobalSection
	GlobalSection(ExtensibilityGlobals) = postSolution
		SolutionGuid = {5AFCFFA2-B034-4009-90F5-11FB1E306E8F}
	EndGlobalSection
EndGlobal
